// !$*UTF8*$!
{
	archiveVersion = 1;
	classes = {
	};
	objectVersion = 46;
	objects = {

/* Begin PBXBuildFile section */
		A80882AD1C7FE7740092528E /* main.m in Sources */ = {isa = PBXBuildFile; fileRef = A80882AC1C7FE7740092528E /* main.m */; };
		A80882B01C7FE7740092528E /* AppDelegate.m in Sources */ = {isa = PBXBuildFile; fileRef = A80882AF1C7FE7740092528E /* AppDelegate.m */; };
		A80882B31C7FE7740092528E /* ViewController.m in Sources */ = {isa = PBXBuildFile; fileRef = A80882B21C7FE7740092528E /* ViewController.m */; };
		A80882B61C7FE7740092528E /* Main.storyboard in Resources */ = {isa = PBXBuildFile; fileRef = A80882B41C7FE7740092528E /* Main.storyboard */; };
		A80882B81C7FE7740092528E /* Assets.xcassets in Resources */ = {isa = PBXBuildFile; fileRef = A80882B71C7FE7740092528E /* Assets.xcassets */; };
		A80882BB1C7FE7740092528E /* LaunchScreen.storyboard in Resources */ = {isa = PBXBuildFile; fileRef = A80882B91C7FE7740092528E /* LaunchScreen.storyboard */; };
		A80882C61C7FE7740092528E /* MachismoTests.m in Sources */ = {isa = PBXBuildFile; fileRef = A80882C51C7FE7740092528E /* MachismoTests.m */; };
		A80882D11C7FE7740092528E /* MachismoUITests.m in Sources */ = {isa = PBXBuildFile; fileRef = A80882D01C7FE7740092528E /* MachismoUITests.m */; };
		A81962781C7FF470003F7683 /* Card.m in Sources */ = {isa = PBXBuildFile; fileRef = A81962701C7FF470003F7683 /* Card.m */; settings = {ASSET_TAGS = (); }; };
		A81962791C7FF470003F7683 /* Deck.m in Sources */ = {isa = PBXBuildFile; fileRef = A81962721C7FF470003F7683 /* Deck.m */; settings = {ASSET_TAGS = (); }; };
		A819627B1C7FF470003F7683 /* PlayingCard.m in Sources */ = {isa = PBXBuildFile; fileRef = A81962751C7FF470003F7683 /* PlayingCard.m */; settings = {ASSET_TAGS = (); }; };
		A819627C1C7FF470003F7683 /* PlayingCardDeck.m in Sources */ = {isa = PBXBuildFile; fileRef = A81962771C7FF470003F7683 /* PlayingCardDeck.m */; settings = {ASSET_TAGS = (); }; };
		A8787C1A1CADEF0700E7BA4E /* LastMatchResult.m in Sources */ = {isa = PBXBuildFile; fileRef = A8787C191CADEF0700E7BA4E /* LastMatchResult.m */; settings = {ASSET_TAGS = (); }; };
		A8B48D951C8E138400B3D07D /* CardMatchingGame.m in Sources */ = {isa = PBXBuildFile; fileRef = A8B48D941C8E138400B3D07D /* CardMatchingGame.m */; settings = {ASSET_TAGS = (); }; };
/* End PBXBuildFile section */

/* Begin PBXContainerItemProxy section */
		A80882C21C7FE7740092528E /* PBXContainerItemProxy */ = {
			isa = PBXContainerItemProxy;
			containerPortal = A80882A01C7FE7740092528E /* Project object */;
			proxyType = 1;
			remoteGlobalIDString = A80882A71C7FE7740092528E;
			remoteInfo = Machismo;
		};
		A80882CD1C7FE7740092528E /* PBXContainerItemProxy */ = {
			isa = PBXContainerItemProxy;
			containerPortal = A80882A01C7FE7740092528E /* Project object */;
			proxyType = 1;
			remoteGlobalIDString = A80882A71C7FE7740092528E;
			remoteInfo = Machismo;
		};
/* End PBXContainerItemProxy section */

/* Begin PBXFileReference section */
		A80882A81C7FE7740092528E /* Machismo.app */ = {isa = PBXFileReference; explicitFileType = wrapper.application; includeInIndex = 0; path = Machismo.app; sourceTree = BUILT_PRODUCTS_DIR; };
		A80882AC1C7FE7740092528E /* main.m */ = {isa = PBXFileReference; lastKnownFileType = sourcecode.c.objc; path = main.m; sourceTree = "<group>"; };
		A80882AE1C7FE7740092528E /* AppDelegate.h */ = {isa = PBXFileReference; lastKnownFileType = sourcecode.c.h; path = AppDelegate.h; sourceTree = "<group>"; };
		A80882AF1C7FE7740092528E /* AppDelegate.m */ = {isa = PBXFileReference; lastKnownFileType = sourcecode.c.objc; path = AppDelegate.m; sourceTree = "<group>"; };
		A80882B11C7FE7740092528E /* ViewController.h */ = {isa = PBXFileReference; lastKnownFileType = sourcecode.c.h; path = ViewController.h; sourceTree = "<group>"; };
		A80882B21C7FE7740092528E /* ViewController.m */ = {isa = PBXFileReference; lastKnownFileType = sourcecode.c.objc; path = ViewController.m; sourceTree = "<group>"; };
		A80882B51C7FE7740092528E /* Base */ = {isa = PBXFileReference; lastKnownFileType = file.storyboard; name = Base; path = Base.lproj/Main.storyboard; sourceTree = "<group>"; };
		A80882B71C7FE7740092528E /* Assets.xcassets */ = {isa = PBXFileReference; lastKnownFileType = folder.assetcatalog; path = Assets.xcassets; sourceTree = "<group>"; };
		A80882BA1C7FE7740092528E /* Base */ = {isa = PBXFileReference; lastKnownFileType = file.storyboard; name = Base; path = Base.lproj/LaunchScreen.storyboard; sourceTree = "<group>"; };
		A80882BC1C7FE7740092528E /* Info.plist */ = {isa = PBXFileReference; lastKnownFileType = text.plist.xml; path = Info.plist; sourceTree = "<group>"; };
		A80882C11C7FE7740092528E /* MachismoTests.xctest */ = {isa = PBXFileReference; explicitFileType = wrapper.cfbundle; includeInIndex = 0; path = MachismoTests.xctest; sourceTree = BUILT_PRODUCTS_DIR; };
		A80882C51C7FE7740092528E /* MachismoTests.m */ = {isa = PBXFileReference; lastKnownFileType = sourcecode.c.objc; path = MachismoTests.m; sourceTree = "<group>"; };
		A80882C71C7FE7740092528E /* Info.plist */ = {isa = PBXFileReference; lastKnownFileType = text.plist.xml; path = Info.plist; sourceTree = "<group>"; };
		A80882CC1C7FE7740092528E /* MachismoUITests.xctest */ = {isa = PBXFileReference; explicitFileType = wrapper.cfbundle; includeInIndex = 0; path = MachismoUITests.xctest; sourceTree = BUILT_PRODUCTS_DIR; };
		A80882D01C7FE7740092528E /* MachismoUITests.m */ = {isa = PBXFileReference; lastKnownFileType = sourcecode.c.objc; path = MachismoUITests.m; sourceTree = "<group>"; };
		A80882D21C7FE7740092528E /* Info.plist */ = {isa = PBXFileReference; lastKnownFileType = text.plist.xml; path = Info.plist; sourceTree = "<group>"; };
		A819626F1C7FF470003F7683 /* Card.h */ = {isa = PBXFileReference; fileEncoding = 4; lastKnownFileType = sourcecode.c.h; name = Card.h; path = Model/Card.h; sourceTree = "<group>"; };
		A81962701C7FF470003F7683 /* Card.m */ = {isa = PBXFileReference; fileEncoding = 4; lastKnownFileType = sourcecode.c.objc; name = Card.m; path = Model/Card.m; sourceTree = "<group>"; };
		A81962711C7FF470003F7683 /* Deck.h */ = {isa = PBXFileReference; fileEncoding = 4; lastKnownFileType = sourcecode.c.h; name = Deck.h; path = Model/Deck.h; sourceTree = "<group>"; };
		A81962721C7FF470003F7683 /* Deck.m */ = {isa = PBXFileReference; fileEncoding = 4; lastKnownFileType = sourcecode.c.objc; name = Deck.m; path = Model/Deck.m; sourceTree = "<group>"; };
		A81962741C7FF470003F7683 /* PlayingCard.h */ = {isa = PBXFileReference; fileEncoding = 4; lastKnownFileType = sourcecode.c.h; name = PlayingCard.h; path = Model/PlayingCard.h; sourceTree = "<group>"; };
		A81962751C7FF470003F7683 /* PlayingCard.m */ = {isa = PBXFileReference; fileEncoding = 4; lastKnownFileType = sourcecode.c.objc; name = PlayingCard.m; path = Model/PlayingCard.m; sourceTree = "<group>"; };
		A81962761C7FF470003F7683 /* PlayingCardDeck.h */ = {isa = PBXFileReference; fileEncoding = 4; lastKnownFileType = sourcecode.c.h; name = PlayingCardDeck.h; path = Model/PlayingCardDeck.h; sourceTree = "<group>"; };
		A81962771C7FF470003F7683 /* PlayingCardDeck.m */ = {isa = PBXFileReference; fileEncoding = 4; lastKnownFileType = sourcecode.c.objc; name = PlayingCardDeck.m; path = Model/PlayingCardDeck.m; sourceTree = "<group>"; };
		A8787C181CADEF0700E7BA4E /* LastMatchResult.h */ = {isa = PBXFileReference; fileEncoding = 4; lastKnownFileType = sourcecode.c.h; path = LastMatchResult.h; sourceTree = "<group>"; };
		A8787C191CADEF0700E7BA4E /* LastMatchResult.m */ = {isa = PBXFileReference; fileEncoding = 4; lastKnownFileType = sourcecode.c.objc; path = LastMatchResult.m; sourceTree = "<group>"; };
		A8B48D931C8E138400B3D07D /* CardMatchingGame.h */ = {isa = PBXFileReference; fileEncoding = 4; lastKnownFileType = sourcecode.c.h; name = CardMatchingGame.h; path = Model/CardMatchingGame.h; sourceTree = "<group>"; };
		A8B48D941C8E138400B3D07D /* CardMatchingGame.m */ = {isa = PBXFileReference; fileEncoding = 4; lastKnownFileType = sourcecode.c.objc; name = CardMatchingGame.m; path = Model/CardMatchingGame.m; sourceTree = "<group>"; };
/* End PBXFileReference section */

/* Begin PBXFrameworksBuildPhase section */
		A80882A51C7FE7740092528E /* Frameworks */ = {
			isa = PBXFrameworksBuildPhase;
			buildActionMask = 2147483647;
			files = (
			);
			runOnlyForDeploymentPostprocessing = 0;
		};
		A80882BE1C7FE7740092528E /* Frameworks */ = {
			isa = PBXFrameworksBuildPhase;
			buildActionMask = 2147483647;
			files = (
			);
			runOnlyForDeploymentPostprocessing = 0;
		};
		A80882C91C7FE7740092528E /* Frameworks */ = {
			isa = PBXFrameworksBuildPhase;
			buildActionMask = 2147483647;
			files = (
			);
			runOnlyForDeploymentPostprocessing = 0;
		};
/* End PBXFrameworksBuildPhase section */

/* Begin PBXGroup section */
		A808829F1C7FE7740092528E = {
			isa = PBXGroup;
			children = (
				A80882AA1C7FE7740092528E /* Machismo */,
				A80882C41C7FE7740092528E /* MachismoTests */,
				A80882CF1C7FE7740092528E /* MachismoUITests */,
				A80882A91C7FE7740092528E /* Products */,
			);
			sourceTree = "<group>";
		};
		A80882A91C7FE7740092528E /* Products */ = {
			isa = PBXGroup;
			children = (
				A80882A81C7FE7740092528E /* Machismo.app */,
				A80882C11C7FE7740092528E /* MachismoTests.xctest */,
				A80882CC1C7FE7740092528E /* MachismoUITests.xctest */,
			);
			name = Products;
			sourceTree = "<group>";
		};
		A80882AA1C7FE7740092528E /* Machismo */ = {
			isa = PBXGroup;
			children = (
				A80882B11C7FE7740092528E /* ViewController.h */,
				A80882B21C7FE7740092528E /* ViewController.m */,
				A80882B41C7FE7740092528E /* Main.storyboard */,
				A80882B71C7FE7740092528E /* Assets.xcassets */,
				A80882B91C7FE7740092528E /* LaunchScreen.storyboard */,
				A80882BC1C7FE7740092528E /* Info.plist */,
				A80882AB1C7FE7740092528E /* Supporting Files */,
				A80882E11C7FF3920092528E /* Model */,
			);
			path = Machismo;
			sourceTree = "<group>";
		};
		A80882AB1C7FE7740092528E /* Supporting Files */ = {
			isa = PBXGroup;
			children = (
				A80882AE1C7FE7740092528E /* AppDelegate.h */,
				A80882AF1C7FE7740092528E /* AppDelegate.m */,
				A80882AC1C7FE7740092528E /* main.m */,
			);
			name = "Supporting Files";
			sourceTree = "<group>";
		};
		A80882C41C7FE7740092528E /* MachismoTests */ = {
			isa = PBXGroup;
			children = (
				A80882C51C7FE7740092528E /* MachismoTests.m */,
				A80882C71C7FE7740092528E /* Info.plist */,
			);
			path = MachismoTests;
			sourceTree = "<group>";
		};
		A80882CF1C7FE7740092528E /* MachismoUITests */ = {
			isa = PBXGroup;
			children = (
				A80882D01C7FE7740092528E /* MachismoUITests.m */,
				A80882D21C7FE7740092528E /* Info.plist */,
			);
			path = MachismoUITests;
			sourceTree = "<group>";
		};
		A80882E11C7FF3920092528E /* Model */ = {
			isa = PBXGroup;
			children = (
				A819626F1C7FF470003F7683 /* Card.h */,
				A81962701C7FF470003F7683 /* Card.m */,
				A81962711C7FF470003F7683 /* Deck.h */,
				A81962721C7FF470003F7683 /* Deck.m */,
				A81962741C7FF470003F7683 /* PlayingCard.h */,
				A81962751C7FF470003F7683 /* PlayingCard.m */,
				A81962761C7FF470003F7683 /* PlayingCardDeck.h */,
				A81962771C7FF470003F7683 /* PlayingCardDeck.m */,
				A8B48D931C8E138400B3D07D /* CardMatchingGame.h */,
				A8B48D941C8E138400B3D07D /* CardMatchingGame.m */,
				A8787C181CADEF0700E7BA4E /* LastMatchResult.h */,
				A8787C191CADEF0700E7BA4E /* LastMatchResult.m */,
			);
			name = Model;
			sourceTree = "<group>";
		};
/* End PBXGroup section */

/* Begin PBXNativeTarget section */
		A80882A71C7FE7740092528E /* Machismo */ = {
			isa = PBXNativeTarget;
			buildConfigurationList = A80882D51C7FE7740092528E /* Build configuration list for PBXNativeTarget "Machismo" */;
			buildPhases = (
				A80882A41C7FE7740092528E /* Sources */,
				A80882A51C7FE7740092528E /* Frameworks */,
				A80882A61C7FE7740092528E /* Resources */,
			);
			buildRules = (
			);
			dependencies = (
			);
			name = Machismo;
			productName = Machismo;
			productReference = A80882A81C7FE7740092528E /* Machismo.app */;
			productType = "com.apple.product-type.application";
		};
		A80882C01C7FE7740092528E /* MachismoTests */ = {
			isa = PBXNativeTarget;
			buildConfigurationList = A80882D81C7FE7740092528E /* Build configuration list for PBXNativeTarget "MachismoTests" */;
			buildPhases = (
				A80882BD1C7FE7740092528E /* Sources */,
				A80882BE1C7FE7740092528E /* Frameworks */,
				A80882BF1C7FE7740092528E /* Resources */,
			);
			buildRules = (
			);
			dependencies = (
				A80882C31C7FE7740092528E /* PBXTargetDependency */,
			);
			name = MachismoTests;
			productName = MachismoTests;
			productReference = A80882C11C7FE7740092528E /* MachismoTests.xctest */;
			productType = "com.apple.product-type.bundle.unit-test";
		};
		A80882CB1C7FE7740092528E /* MachismoUITests */ = {
			isa = PBXNativeTarget;
			buildConfigurationList = A80882DB1C7FE7740092528E /* Build configuration list for PBXNativeTarget "MachismoUITests" */;
			buildPhases = (
				A80882C81C7FE7740092528E /* Sources */,
				A80882C91C7FE7740092528E /* Frameworks */,
				A80882CA1C7FE7740092528E /* Resources */,
			);
			buildRules = (
			);
			dependencies = (
				A80882CE1C7FE7740092528E /* PBXTargetDependency */,
			);
			name = MachismoUITests;
			productName = MachismoUITests;
			productReference = A80882CC1C7FE7740092528E /* MachismoUITests.xctest */;
			productType = "com.apple.product-type.bundle.ui-testing";
		};
/* End PBXNativeTarget section */

/* Begin PBXProject section */
		A80882A01C7FE7740092528E /* Project object */ = {
			isa = PBXProject;
			attributes = {
				LastUpgradeCheck = 0700;
				ORGANIZATIONNAME = "Saad Patail";
				TargetAttributes = {
					A80882A71C7FE7740092528E = {
						CreatedOnToolsVersion = 7.0;
					};
					A80882C01C7FE7740092528E = {
						CreatedOnToolsVersion = 7.0;
						TestTargetID = A80882A71C7FE7740092528E;
					};
					A80882CB1C7FE7740092528E = {
						CreatedOnToolsVersion = 7.0;
						TestTargetID = A80882A71C7FE7740092528E;
					};
				};
			};
			buildConfigurationList = A80882A31C7FE7740092528E /* Build configuration list for PBXProject "Machismo" */;
			compatibilityVersion = "Xcode 3.2";
			developmentRegion = English;
			hasScannedForEncodings = 0;
			knownRegions = (
				en,
				Base,
			);
			mainGroup = A808829F1C7FE7740092528E;
			productRefGroup = A80882A91C7FE7740092528E /* Products */;
			projectDirPath = "";
			projectRoot = "";
			targets = (
				A80882A71C7FE7740092528E /* Machismo */,
				A80882C01C7FE7740092528E /* MachismoTests */,
				A80882CB1C7FE7740092528E /* MachismoUITests */,
			);
		};
/* End PBXProject section */

/* Begin PBXResourcesBuildPhase section */
		A80882A61C7FE7740092528E /* Resources */ = {
			isa = PBXResourcesBuildPhase;
			buildActionMask = 2147483647;
			files = (
				A80882BB1C7FE7740092528E /* LaunchScreen.storyboard in Resources */,
				A80882B81C7FE7740092528E /* Assets.xcassets in Resources */,
				A80882B61C7FE7740092528E /* Main.storyboard in Resources */,
			);
			runOnlyForDeploymentPostprocessing = 0;
		};
		A80882BF1C7FE7740092528E /* Resources */ = {
			isa = PBXResourcesBuildPhase;
			buildActionMask = 2147483647;
			files = (
			);
			runOnlyForDeploymentPostprocessing = 0;
		};
		A80882CA1C7FE7740092528E /* Resources */ = {
			isa = PBXResourcesBuildPhase;
			buildActionMask = 2147483647;
			files = (
			);
			runOnlyForDeploymentPostprocessing = 0;
		};
/* End PBXResourcesBuildPhase section */

/* Begin PBXSourcesBuildPhase section */
		A80882A41C7FE7740092528E /* Sources */ = {
			isa = PBXSourcesBuildPhase;
			buildActionMask = 2147483647;
			files = (
				A81962791C7FF470003F7683 /* Deck.m in Sources */,
				A819627C1C7FF470003F7683 /* PlayingCardDeck.m in Sources */,
				A80882B31C7FE7740092528E /* ViewController.m in Sources */,
				A819627B1C7FF470003F7683 /* PlayingCard.m in Sources */,
				A8787C1A1CADEF0700E7BA4E /* LastMatchResult.m in Sources */,
				A8B48D951C8E138400B3D07D /* CardMatchingGame.m in Sources */,
				A80882B01C7FE7740092528E /* AppDelegate.m in Sources */,
				A80882AD1C7FE7740092528E /* main.m in Sources */,
				A81962781C7FF470003F7683 /* Card.m in Sources */,
			);
			runOnlyForDeploymentPostprocessing = 0;
		};
		A80882BD1C7FE7740092528E /* Sources */ = {
			isa = PBXSourcesBuildPhase;
			buildActionMask = 2147483647;
			files = (
				A80882C61C7FE7740092528E /* MachismoTests.m in Sources */,
			);
			runOnlyForDeploymentPostprocessing = 0;
		};
		A80882C81C7FE7740092528E /* Sources */ = {
			isa = PBXSourcesBuildPhase;
			buildActionMask = 2147483647;
			files = (
				A80882D11C7FE7740092528E /* MachismoUITests.m in Sources */,
			);
			runOnlyForDeploymentPostprocessing = 0;
		};
/* End PBXSourcesBuildPhase section */

/* Begin PBXTargetDependency section */
		A80882C31C7FE7740092528E /* PBXTargetDependency */ = {
			isa = PBXTargetDependency;
			target = A80882A71C7FE7740092528E /* Machismo */;
			targetProxy = A80882C21C7FE7740092528E /* PBXContainerItemProxy */;
		};
		A80882CE1C7FE7740092528E /* PBXTargetDependency */ = {
			isa = PBXTargetDependency;
			target = A80882A71C7FE7740092528E /* Machismo */;
			targetProxy = A80882CD1C7FE7740092528E /* PBXContainerItemProxy */;
		};
/* End PBXTargetDependency section */

/* Begin PBXVariantGroup section */
		A80882B41C7FE7740092528E /* Main.storyboard */ = {
			isa = PBXVariantGroup;
			children = (
				A80882B51C7FE7740092528E /* Base */,
			);
			name = Main.storyboard;
			sourceTree = "<group>";
		};
		A80882B91C7FE7740092528E /* LaunchScreen.storyboard */ = {
			isa = PBXVariantGroup;
			children = (
				A80882BA1C7FE7740092528E /* Base */,
			);
			name = LaunchScreen.storyboard;
			sourceTree = "<group>";
		};
/* End PBXVariantGroup section */

/* Begin XCBuildConfiguration section */
		A80882D31C7FE7740092528E /* Debug */ = {
			isa = XCBuildConfiguration;
			buildSettings = {
				ALWAYS_SEARCH_USER_PATHS = NO;
				CLANG_CXX_LANGUAGE_STANDARD = "gnu++0x";
				CLANG_CXX_LIBRARY = "libc++";
				CLANG_ENABLE_MODULES = YES;
				CLANG_ENABLE_OBJC_ARC = YES;
				CLANG_WARN_BOOL_CONVERSION = YES;
				CLANG_WARN_CONSTANT_CONVERSION = YES;
				CLANG_WARN_DIRECT_OBJC_ISA_USAGE = YES_ERROR;
				CLANG_WARN_EMPTY_BODY = YES;
				CLANG_WARN_ENUM_CONVERSION = YES;
				CLANG_WARN_INT_CONVERSION = YES;
				CLANG_WARN_OBJC_ROOT_CLASS = YES_ERROR;
				CLANG_WARN_UNREACHABLE_CODE = YES;
				CLANG_WARN__DUPLICATE_METHOD_MATCH = YES;
				"CODE_SIGN_IDENTITY[sdk=iphoneos*]" = "iPhone Developer";
				COPY_PHASE_STRIP = NO;
				DEBUG_INFORMATION_FORMAT = dwarf;
				ENABLE_STRICT_OBJC_MSGSEND = YES;
				ENABLE_TESTABILITY = YES;
				GCC_C_LANGUAGE_STANDARD = gnu99;
				GCC_DYNAMIC_NO_PIC = NO;
				GCC_NO_COMMON_BLOCKS = YES;
				GCC_OPTIMIZATION_LEVEL = 0;
				GCC_PREPROCESSOR_DEFINITIONS = (
					"DEBUG=1",
					"$(inherited)",
				);
				GCC_WARN_64_TO_32_BIT_CONVERSION = YES;
				GCC_WARN_ABOUT_RETURN_TYPE = YES_ERROR;
				GCC_WARN_UNDECLARED_SELECTOR = YES;
				GCC_WARN_UNINITIALIZED_AUTOS = YES_AGGRESSIVE;
				GCC_WARN_UNUSED_FUNCTION = YES;
				GCC_WARN_UNUSED_VARIABLE = YES;
				IPHONEOS_DEPLOYMENT_TARGET = 9.0;
				MTL_ENABLE_DEBUG_INFO = YES;
				ONLY_ACTIVE_ARCH = YES;
				SDKROOT = iphoneos;
			};
			name = Debug;
		};
		A80882D41C7FE7740092528E /* Release */ = {
			isa = XCBuildConfiguration;
			buildSettings = {
				ALWAYS_SEARCH_USER_PATHS = NO;
				CLANG_CXX_LANGUAGE_STANDARD = "gnu++0x";
				CLANG_CXX_LIBRARY = "libc++";
				CLANG_ENABLE_MODULES = YES;
				CLANG_ENABLE_OBJC_ARC = YES;
				CLANG_WARN_BOOL_CONVERSION = YES;
				CLANG_WARN_CONSTANT_CONVERSION = YES;
				CLANG_WARN_DIRECT_OBJC_ISA_USAGE = YES_ERROR;
				CLANG_WARN_EMPTY_BODY = YES;
				CLANG_WARN_ENUM_CONVERSION = YES;
				CLANG_WARN_INT_CONVERSION = YES;
				CLANG_WARN_OBJC_ROOT_CLASS = YES_ERROR;
				CLANG_WARN_UNREACHABLE_CODE = YES;
				CLANG_WARN__DUPLICATE_METHOD_MATCH = YES;
				"CODE_SIGN_IDENTITY[sdk=iphoneos*]" = "iPhone Developer";
				COPY_PHASE_STRIP = NO;
				DEBUG_INFORMATION_FORMAT = "dwarf-with-dsym";
				ENABLE_NS_ASSERTIONS = NO;
				ENABLE_STRICT_OBJC_MSGSEND = YES;
				GCC_C_LANGUAGE_STANDARD = gnu99;
				GCC_NO_COMMON_BLOCKS = YES;
				GCC_WARN_64_TO_32_BIT_CONVERSION = YES;
				GCC_WARN_ABOUT_RETURN_TYPE = YES_ERROR;
				GCC_WARN_UNDECLARED_SELECTOR = YES;
				GCC_WARN_UNINITIALIZED_AUTOS = YES_AGGRESSIVE;
				GCC_WARN_UNUSED_FUNCTION = YES;
				GCC_WARN_UNUSED_VARIABLE = YES;
				IPHONEOS_DEPLOYMENT_TARGET = 9.0;
				MTL_ENABLE_DEBUG_INFO = NO;
				SDKROOT = iphoneos;
				VALIDATE_PRODUCT = YES;
			};
			name = Release;
		};
		A80882D61C7FE7740092528E /* Debug */ = {
			isa = XCBuildConfiguration;
			buildSettings = {
				ASSETCATALOG_COMPILER_APPICON_NAME = AppIcon;
				INFOPLIST_FILE = Machismo/Info.plist;
				LD_RUNPATH_SEARCH_PATHS = "$(inherited) @executable_path/Frameworks";
				PRODUCT_BUNDLE_IDENTIFIER = com.patail.Machismo;
				PRODUCT_NAME = "$(TARGET_NAME)";
			};
			name = Debug;
		};
		A80882D71C7FE7740092528E /* Release */ = {
			isa = XCBuildConfiguration;
			buildSettings = {
				ASSETCATALOG_COMPILER_APPICON_NAME = AppIcon;
				INFOPLIST_FILE = Machismo/Info.plist;
				LD_RUNPATH_SEARCH_PATHS = "$(inherited) @executable_path/Frameworks";
				PRODUCT_BUNDLE_IDENTIFIER = com.patail.Machismo;
				PRODUCT_NAME = "$(TARGET_NAME)";
			};
			name = Release;
		};
		A80882D91C7FE7740092528E /* Debug */ = {
			isa = XCBuildConfiguration;
			buildSettings = {
				BUNDLE_LOADER = "$(TEST_HOST)";
				INFOPLIST_FILE = MachismoTests/Info.plist;
				LD_RUNPATH_SEARCH_PATHS = "$(inherited) @executable_path/Frameworks @loader_path/Frameworks";
				PRODUCT_BUNDLE_IDENTIFIER = com.patail.MachismoTests;
				PRODUCT_NAME = "$(TARGET_NAME)";
				TEST_HOST = "$(BUILT_PRODUCTS_DIR)/Machismo.app/Machismo";
			};
			name = Debug;
		};
		A80882DA1C7FE7740092528E /* Release */ = {
			isa = XCBuildConfiguration;
			buildSettings = {
				BUNDLE_LOADER = "$(TEST_HOST)";
				INFOPLIST_FILE = MachismoTests/Info.plist;
				LD_RUNPATH_SEARCH_PATHS = "$(inherited) @executable_path/Frameworks @loader_path/Frameworks";
				PRODUCT_BUNDLE_IDENTIFIER = com.patail.MachismoTests;
				PRODUCT_NAME = "$(TARGET_NAME)";
				TEST_HOST = "$(BUILT_PRODUCTS_DIR)/Machismo.app/Machismo";
			};
			name = Release;
		};
		A80882DC1C7FE7740092528E /* Debug */ = {
			isa = XCBuildConfiguration;
			buildSettings = {
				INFOPLIST_FILE = MachismoUITests/Info.plist;
				LD_RUNPATH_SEARCH_PATHS = "$(inherited) @executable_path/Frameworks @loader_path/Frameworks";
				PRODUCT_BUNDLE_IDENTIFIER = com.patail.MachismoUITests;
				PRODUCT_NAME = "$(TARGET_NAME)";
				TEST_TARGET_NAME = Machismo;
				USES_XCTRUNNER = YES;
			};
			name = Debug;
		};
		A80882DD1C7FE7740092528E /* Release */ = {
			isa = XCBuildConfiguration;
			buildSettings = {
				INFOPLIST_FILE = MachismoUITests/Info.plist;
				LD_RUNPATH_SEARCH_PATHS = "$(inherited) @executable_path/Frameworks @loader_path/Frameworks";
				PRODUCT_BUNDLE_IDENTIFIER = com.patail.MachismoUITests;
				PRODUCT_NAME = "$(TARGET_NAME)";
				TEST_TARGET_NAME = Machismo;
				USES_XCTRUNNER = YES;
			};
			name = Release;
		};
/* End XCBuildConfiguration section */

/* Begin XCConfigurationList section */
		A80882A31C7FE7740092528E /* Build configuration list for PBXProject "Machismo" */ = {
			isa = XCConfigurationList;
			buildConfigurations = (
				A80882D31C7FE7740092528E /* Debug */,
				A80882D41C7FE7740092528E /* Release */,
			);
			defaultConfigurationIsVisible = 0;
			defaultConfigurationName = Release;
		};
		A80882D51C7FE7740092528E /* Build configuration list for PBXNativeTarget "Machismo" */ = {
			isa = XCConfigurationList;
			buildConfigurations = (
				A80882D61C7FE7740092528E /* Debug */,
				A80882D71C7FE7740092528E /* Release */,
			);
			defaultConfigurationIsVisible = 0;
			defaultConfigurationName = Release;
		};
		A80882D81C7FE7740092528E /* Build configuration list for PBXNativeTarget "MachismoTests" */ = {
			isa = XCConfigurationList;
			buildConfigurations = (
				A80882D91C7FE7740092528E /* Debug */,
				A80882DA1C7FE7740092528E /* Release */,
			);
			defaultConfigurationIsVisible = 0;
			defaultConfigurationName = Release;
		};
		A80882DB1C7FE7740092528E /* Build configuration list for PBXNativeTarget "MachismoUITests" */ = {
			isa = XCConfigurationList;
			buildConfigurations = (
				A80882DC1C7FE7740092528E /* Debug */,
				A80882DD1C7FE7740092528E /* Release */,
			);
			defaultConfigurationIsVisible = 0;
			defaultConfigurationName = Release;
		};
/* End XCConfigurationList section */
	};
	rootObject = A80882A01C7FE7740092528E /* Project object */;
}
